<?xml version="1.0" encoding="utf-8"?>
<Project ToolsVersion="4.0" xmlns="http://schemas.microsoft.com/developer/msbuild/2003">
  <ItemGroup>
    <Filter Include="Fichiers sources">
      <UniqueIdentifier>{4FC737F1-C7A5-4376-A066-2A32D752A2FF}</UniqueIdentifier>
      <Extensions>cpp;c;cc;cxx;c++;cppm;ixx;def;odl;idl;hpj;bat;asm;asmx</Extensions>
    </Filter>
    <Filter Include="Fichiers d%27en-tête">
      <UniqueIdentifier>{93995380-89BD-4b04-88EB-625FBE52EBFB}</UniqueIdentifier>
      <Extensions>h;hh;hpp;hxx;h++;hm;inl;inc;ipp;xsd</Extensions>
    </Filter>
    <Filter Include="Fichiers de ressources">
      <UniqueIdentifier>{67DA6AB6-F800-4c08-8B7A-83BB121AAD01}</UniqueIdentifier>
      <Extensions>rc;ico;cur;bmp;dlg;rc2;rct;bin;rgs;gif;jpg;jpeg;jpe;resx;tiff;tif;png;wav;mfcribbon-ms</Extensions>
    </Filter>
  </ItemGroup>
  <ItemGroup>
    <ClCompile Include="..\common\GLShader.cpp">
      <Filter>Fichiers sources</Filter>
    </ClCompile>
    <ClCompile Include="OpenGL_Projet.cpp">
      <Filter>Fichiers sources</Filter>
    </ClCompile>
  </ItemGroup>
  <ItemGroup>
    <None Include="basic.vs">
      <Filter>Fichiers sources</Filter>
    </None>
    <None Include="basic.fs">
      <Filter>Fichiers sources</Filter>
    </None>
  </ItemGroup>
  <ItemGroup>
    <Image Include="escher_animation.jpg">
      <Filter>Fichiers de ressources</Filter>
    </Image>
    <Image Include="glass-textures.png">
      <Filter>Fichiers de ressources</Filter>
    </Image>
    <Image Include="dragon.png">
      <Filter>Fichiers de ressources</Filter>
    </Image>
    <Image Include="envmaps\pisa_negx.jpg">
      <Filter>Fichiers de ressources</Filter>
    </Image>
    <Image Include="envmaps\pisa_negy.jpg">
      <Filter>Fichiers de ressources</Filter>
    </Image>
    <Image Include="envmaps\pisa_negz.jpg">
      <Filter>Fichiers de ressources</Filter>
    </Image>
    <Image Include="envmaps\pisa_posx.jpg">
      <Filter>Fichiers de ressources</Filter>
    </Image>
    <Image Include="envmaps\pisa_posy.jpg">
      <Filter>Fichiers de ressources</Filter>
    </Image>
    <Image Include="envmaps\pisa_posz.jpg">
      <Filter>Fichiers de ressources</Filter>
    </Image>
    <Image Include="envmaps\test_nx.png">
      <Filter>Fichiers de ressources</Filter>
    </Image>
    <Image Include="envmaps\test_ny.png">
      <Filter>Fichiers de ressources</Filter>
    </Image>
    <Image Include="envmaps\test_nz.png">
      <Filter>Fichiers de ressources</Filter>
    </Image>
    <Image Include="envmaps\test_px.png">
      <Filter>Fichiers de ressources</Filter>
    </Image>
    <Image Include="envmaps\test_py.png">
      <Filter>Fichiers de ressources</Filter>
    </Image>
    <Image Include="envmaps\test_pz.png">
      <Filter>Fichiers de ressources</Filter>
    </Image>
  </ItemGroup>
  <ItemGroup>
    <ClInclude Include="DragonData.h">
      <Filter>Fichiers d%27en-tête</Filter>
    </ClInclude>
    <ClInclude Include="tiny_obj_loader.h">
      <Filter>Fichiers d%27en-tête</Filter>
    </ClInclude>
    <ClInclude Include="Camera.h">
      <Filter>Fichiers d%27en-tête</Filter>
    </ClInclude>
  </ItemGroup>
</Project>